
Microsoft Visual Studio Solution File, Format Version 12.00
# Visual Studio Version 17
VisualStudioVersion = 17.13.35825.156 d17.13
MinimumVisualStudioVersion = 10.0.40219.1
Project("{FAE04EC0-301F-11D3-BF4B-00C04F79EFBC}") = "Webfilm", "Webfilm\Webfilm.csproj", "{2023F75E-805D-400A-9F3F-948D59CD23DA}"
EndProject
Global
	GlobalSection(SolutionConfigurationPlatforms) = preSolution
		Debug|Any CPU = Debug|Any CPU
		Release|Any CPU = Release|Any CPU
	EndGlobalSection
	GlobalSection(ProjectConfigurationPlatforms) = postSolution
		{2023F75E-805D-400A-9F3F-948D59CD23DA}.Debug|Any CPU.ActiveCfg = Debug|Any CPU
		{2023F75E-805D-400A-9F3F-948D59CD23DA}.Debug|Any CPU.Build.0 = Debug|Any CPU
		{2023F75E-805D-400A-9F3F-948D59CD23DA}.Release|Any CPU.ActiveCfg = Release|Any CPU
		{2023F75E-805D-400A-9F3F-948D59CD23DA}.Release|Any CPU.Build.0 = Release|Any CPU
	EndGlobalSection
	GlobalSection(SolutionProperties) = preSolution
		HideSolutionNode = FALSE
	EndGlobalSection
	GlobalSection(ExtensibilityGlobals) = postSolution
		SolutionGuid = {7EC1B4E1-5B08-4C52-B624-E0011FDE81CB}
	EndGlobalSection
EndGlobal
